// !$*UTF8*$!
{
	archiveVersion = 1;
	classes = {
	};
	objectVersion = 56;
	objects = {

/* Begin PBXBuildFile section */
		BA22A52F2AFE311D0098D0DB /* DetailsWeatherViewController.swift in Sources */ = {isa = PBXBuildFile; fileRef = BA22A52E2AFE311D0098D0DB /* DetailsWeatherViewController.swift */; };
		BA22A5312AFE31360098D0DB /* HourlyWeather.swift in Sources */ = {isa = PBXBuildFile; fileRef = BA22A5302AFE31360098D0DB /* HourlyWeather.swift */; };
		BA22A5332AFE31540098D0DB /* WeeklyWeather.swift in Sources */ = {isa = PBXBuildFile; fileRef = BA22A5322AFE31540098D0DB /* WeeklyWeather.swift */; };
		BA22A5352AFE319F0098D0DB /* HourlyWeatherCollectionViewCell.swift in Sources */ = {isa = PBXBuildFile; fileRef = BA22A5342AFE319F0098D0DB /* HourlyWeatherCollectionViewCell.swift */; };
		BA22A5372AFE31C60098D0DB /* WeeklyWeatherTableViewCell.swift in Sources */ = {isa = PBXBuildFile; fileRef = BA22A5362AFE31C60098D0DB /* WeeklyWeatherTableViewCell.swift */; };
		BA22A5392B01E0E20098D0DB /* CryptoTabBarController.swift in Sources */ = {isa = PBXBuildFile; fileRef = BA22A5382B01E0E20098D0DB /* CryptoTabBarController.swift */; };
		BA22A53B2B01ECEF0098D0DB /* CryptoItem.swift in Sources */ = {isa = PBXBuildFile; fileRef = BA22A53A2B01ECEF0098D0DB /* CryptoItem.swift */; };
		BA22A53D2B01ED8C0098D0DB /* CryptoTableViewCell.swift in Sources */ = {isa = PBXBuildFile; fileRef = BA22A53C2B01ED8C0098D0DB /* CryptoTableViewCell.swift */; };
		BA22A53F2B0238710098D0DB /* FinanceTableViewCell.swift in Sources */ = {isa = PBXBuildFile; fileRef = BA22A53E2B0238710098D0DB /* FinanceTableViewCell.swift */; };
		BA22A5412B0238C60098D0DB /* FinanceTabBarController.swift in Sources */ = {isa = PBXBuildFile; fileRef = BA22A5402B0238C60098D0DB /* FinanceTabBarController.swift */; };
		BA22A5432B02393F0098D0DB /* FinanceItem.swift in Sources */ = {isa = PBXBuildFile; fileRef = BA22A5422B02393F0098D0DB /* FinanceItem.swift */; };
		BA22A54B2B035D100098D0DB /* TravelTableViewCell.swift in Sources */ = {isa = PBXBuildFile; fileRef = BA22A54A2B035D100098D0DB /* TravelTableViewCell.swift */; };
		BA22A54D2B036F890098D0DB /* TravelItem.swift in Sources */ = {isa = PBXBuildFile; fileRef = BA22A54C2B036F890098D0DB /* TravelItem.swift */; };
		BAAA58832AFD2C7800E7CDD0 /* LibraryTabBarController.swift in Sources */ = {isa = PBXBuildFile; fileRef = BAAA58822AFD2C7800E7CDD0 /* LibraryTabBarController.swift */; };
		BACA7C712AFB3CEA006AAA9A /* AppDelegate.swift in Sources */ = {isa = PBXBuildFile; fileRef = BACA7C702AFB3CEA006AAA9A /* AppDelegate.swift */; };
		BACA7C752AFB3CEA006AAA9A /* MainViewController.swift in Sources */ = {isa = PBXBuildFile; fileRef = BACA7C742AFB3CEA006AAA9A /* MainViewController.swift */; };
		BACA7C7A2AFB3CEB006AAA9A /* Assets.xcassets in Resources */ = {isa = PBXBuildFile; fileRef = BACA7C792AFB3CEB006AAA9A /* Assets.xcassets */; };
		BACA7C7D2AFB3CEB006AAA9A /* LaunchScreen.storyboard in Resources */ = {isa = PBXBuildFile; fileRef = BACA7C7B2AFB3CEB006AAA9A /* LaunchScreen.storyboard */; };
		BAE9863C2AFB8AB4003EF6FA /* LibraryViewController.swift in Sources */ = {isa = PBXBuildFile; fileRef = BAE9863B2AFB8AB4003EF6FA /* LibraryViewController.swift */; };
		BAE9863E2AFB8FB3003EF6FA /* FinanceViewController.swift in Sources */ = {isa = PBXBuildFile; fileRef = BAE9863D2AFB8FB3003EF6FA /* FinanceViewController.swift */; };
		BAE986402AFB8FC8003EF6FA /* CryptoViewController.swift in Sources */ = {isa = PBXBuildFile; fileRef = BAE9863F2AFB8FC8003EF6FA /* CryptoViewController.swift */; };
		BAE986422AFB968F003EF6FA /* WeatherViewController.swift in Sources */ = {isa = PBXBuildFile; fileRef = BAE986412AFB968F003EF6FA /* WeatherViewController.swift */; };
		BAE986442AFB96B8003EF6FA /* TravelViewController.swift in Sources */ = {isa = PBXBuildFile; fileRef = BAE986432AFB96B8003EF6FA /* TravelViewController.swift */; };
		BAE986462AFBA1FA003EF6FA /* LibraryCell.swift in Sources */ = {isa = PBXBuildFile; fileRef = BAE986452AFBA1FA003EF6FA /* LibraryCell.swift */; };
		BAE986482AFBA477003EF6FA /* LibraryItem.swift in Sources */ = {isa = PBXBuildFile; fileRef = BAE986472AFBA477003EF6FA /* LibraryItem.swift */; };
/* End PBXBuildFile section */

/* Begin PBXFileReference section */
		BA22A52E2AFE311D0098D0DB /* DetailsWeatherViewController.swift */ = {isa = PBXFileReference; lastKnownFileType = sourcecode.swift; path = DetailsWeatherViewController.swift; sourceTree = "<group>"; };
		BA22A5302AFE31360098D0DB /* HourlyWeather.swift */ = {isa = PBXFileReference; lastKnownFileType = sourcecode.swift; path = HourlyWeather.swift; sourceTree = "<group>"; };
		BA22A5322AFE31540098D0DB /* WeeklyWeather.swift */ = {isa = PBXFileReference; lastKnownFileType = sourcecode.swift; path = WeeklyWeather.swift; sourceTree = "<group>"; };
		BA22A5342AFE319F0098D0DB /* HourlyWeatherCollectionViewCell.swift */ = {isa = PBXFileReference; lastKnownFileType = sourcecode.swift; path = HourlyWeatherCollectionViewCell.swift; sourceTree = "<group>"; };
		BA22A5362AFE31C60098D0DB /* WeeklyWeatherTableViewCell.swift */ = {isa = PBXFileReference; lastKnownFileType = sourcecode.swift; path = WeeklyWeatherTableViewCell.swift; sourceTree = "<group>"; };
		BA22A5382B01E0E20098D0DB /* CryptoTabBarController.swift */ = {isa = PBXFileReference; lastKnownFileType = sourcecode.swift; path = CryptoTabBarController.swift; sourceTree = "<group>"; };
		BA22A53A2B01ECEF0098D0DB /* CryptoItem.swift */ = {isa = PBXFileReference; lastKnownFileType = sourcecode.swift; path = CryptoItem.swift; sourceTree = "<group>"; };
		BA22A53C2B01ED8C0098D0DB /* CryptoTableViewCell.swift */ = {isa = PBXFileReference; lastKnownFileType = sourcecode.swift; path = CryptoTableViewCell.swift; sourceTree = "<group>"; };
		BA22A53E2B0238710098D0DB /* FinanceTableViewCell.swift */ = {isa = PBXFileReference; lastKnownFileType = sourcecode.swift; path = FinanceTableViewCell.swift; sourceTree = "<group>"; };
		BA22A5402B0238C60098D0DB /* FinanceTabBarController.swift */ = {isa = PBXFileReference; lastKnownFileType = sourcecode.swift; path = FinanceTabBarController.swift; sourceTree = "<group>"; };
		BA22A5422B02393F0098D0DB /* FinanceItem.swift */ = {isa = PBXFileReference; lastKnownFileType = sourcecode.swift; path = FinanceItem.swift; sourceTree = "<group>"; };
		BA22A54A2B035D100098D0DB /* TravelTableViewCell.swift */ = {isa = PBXFileReference; lastKnownFileType = sourcecode.swift; path = TravelTableViewCell.swift; sourceTree = "<group>"; };
		BA22A54C2B036F890098D0DB /* TravelItem.swift */ = {isa = PBXFileReference; lastKnownFileType = sourcecode.swift; path = TravelItem.swift; sourceTree = "<group>"; };
		BAAA58822AFD2C7800E7CDD0 /* LibraryTabBarController.swift */ = {isa = PBXFileReference; lastKnownFileType = sourcecode.swift; path = LibraryTabBarController.swift; sourceTree = "<group>"; };
		BACA7C6D2AFB3CEA006AAA9A /* Neobis_iOS_UIScreens.app */ = {isa = PBXFileReference; explicitFileType = wrapper.application; includeInIndex = 0; path = Neobis_iOS_UIScreens.app; sourceTree = BUILT_PRODUCTS_DIR; };
		BACA7C702AFB3CEA006AAA9A /* AppDelegate.swift */ = {isa = PBXFileReference; lastKnownFileType = sourcecode.swift; path = AppDelegate.swift; sourceTree = "<group>"; };
		BACA7C742AFB3CEA006AAA9A /* MainViewController.swift */ = {isa = PBXFileReference; lastKnownFileType = sourcecode.swift; path = MainViewController.swift; sourceTree = "<group>"; };
		BACA7C792AFB3CEB006AAA9A /* Assets.xcassets */ = {isa = PBXFileReference; lastKnownFileType = folder.assetcatalog; path = Assets.xcassets; sourceTree = "<group>"; };
		BACA7C7C2AFB3CEB006AAA9A /* Base */ = {isa = PBXFileReference; lastKnownFileType = file.storyboard; name = Base; path = Base.lproj/LaunchScreen.storyboard; sourceTree = "<group>"; };
		BACA7C7E2AFB3CEB006AAA9A /* Info.plist */ = {isa = PBXFileReference; lastKnownFileType = text.plist.xml; path = Info.plist; sourceTree = "<group>"; };
		BAE9863B2AFB8AB4003EF6FA /* LibraryViewController.swift */ = {isa = PBXFileReference; lastKnownFileType = sourcecode.swift; path = LibraryViewController.swift; sourceTree = "<group>"; };
		BAE9863D2AFB8FB3003EF6FA /* FinanceViewController.swift */ = {isa = PBXFileReference; lastKnownFileType = sourcecode.swift; path = FinanceViewController.swift; sourceTree = "<group>"; };
		BAE9863F2AFB8FC8003EF6FA /* CryptoViewController.swift */ = {isa = PBXFileReference; lastKnownFileType = sourcecode.swift; path = CryptoViewController.swift; sourceTree = "<group>"; };
		BAE986412AFB968F003EF6FA /* WeatherViewController.swift */ = {isa = PBXFileReference; lastKnownFileType = sourcecode.swift; path = WeatherViewController.swift; sourceTree = "<group>"; };
		BAE986432AFB96B8003EF6FA /* TravelViewController.swift */ = {isa = PBXFileReference; lastKnownFileType = sourcecode.swift; path = TravelViewController.swift; sourceTree = "<group>"; };
		BAE986452AFBA1FA003EF6FA /* LibraryCell.swift */ = {isa = PBXFileReference; lastKnownFileType = sourcecode.swift; path = LibraryCell.swift; sourceTree = "<group>"; };
		BAE986472AFBA477003EF6FA /* LibraryItem.swift */ = {isa = PBXFileReference; lastKnownFileType = sourcecode.swift; path = LibraryItem.swift; sourceTree = "<group>"; };
/* End PBXFileReference section */

/* Begin PBXFrameworksBuildPhase section */
		BACA7C6A2AFB3CEA006AAA9A /* Frameworks */ = {
			isa = PBXFrameworksBuildPhase;
			buildActionMask = 2147483647;
			files = (
			);
			runOnlyForDeploymentPostprocessing = 0;
		};
/* End PBXFrameworksBuildPhase section */

/* Begin PBXGroup section */
		BACA7C642AFB3CEA006AAA9A = {
			isa = PBXGroup;
			children = (
				BACA7C6F2AFB3CEA006AAA9A /* Neobis_iOS_UIScreens */,
				BACA7C702AFB3CEA006AAA9A /* AppDelegate.swift */,
				BACA7C6E2AFB3CEA006AAA9A /* Products */,
			);
			sourceTree = "<group>";
		};
		BACA7C6E2AFB3CEA006AAA9A /* Products */ = {
			isa = PBXGroup;
			children = (
				BACA7C6D2AFB3CEA006AAA9A /* Neobis_iOS_UIScreens.app */,
			);
			name = Products;
			sourceTree = "<group>";
		};
		BACA7C6F2AFB3CEA006AAA9A /* Neobis_iOS_UIScreens */ = {
			isa = PBXGroup;
			children = (
				BAE9863A2AFB8676003EF6FA /* Main */,
				BAE986392AFB8651003EF6FA /* Travel */,
				BAE986382AFB864C003EF6FA /* Finance */,
				BAE986372AFB8649003EF6FA /* Crypto */,
				BAE986352AFB8639003EF6FA /* Library */,
				BAE986362AFB8640003EF6FA /* Weather */,
				BACA7C792AFB3CEB006AAA9A /* Assets.xcassets */,
				BACA7C7B2AFB3CEB006AAA9A /* LaunchScreen.storyboard */,
				BACA7C7E2AFB3CEB006AAA9A /* Info.plist */,
			);
			path = Neobis_iOS_UIScreens;
			sourceTree = "<group>";
		};
		BAE986352AFB8639003EF6FA /* Library */ = {
			isa = PBXGroup;
			children = (
				BAE9863B2AFB8AB4003EF6FA /* LibraryViewController.swift */,
				BAE986452AFBA1FA003EF6FA /* LibraryCell.swift */,
				BAAA58822AFD2C7800E7CDD0 /* LibraryTabBarController.swift */,
				BAE986472AFBA477003EF6FA /* LibraryItem.swift */,
			);
			path = Library;
			sourceTree = "<group>";
		};
		BAE986362AFB8640003EF6FA /* Weather */ = {
			isa = PBXGroup;
			children = (
				BAE986412AFB968F003EF6FA /* WeatherViewController.swift */,
				BA22A52E2AFE311D0098D0DB /* DetailsWeatherViewController.swift */,
				BA22A5342AFE319F0098D0DB /* HourlyWeatherCollectionViewCell.swift */,
				BA22A5362AFE31C60098D0DB /* WeeklyWeatherTableViewCell.swift */,
				BA22A5302AFE31360098D0DB /* HourlyWeather.swift */,
				BA22A5322AFE31540098D0DB /* WeeklyWeather.swift */,
			);
			path = Weather;
			sourceTree = "<group>";
		};
		BAE986372AFB8649003EF6FA /* Crypto */ = {
			isa = PBXGroup;
			children = (
				BAE9863F2AFB8FC8003EF6FA /* CryptoViewController.swift */,
				BA22A53C2B01ED8C0098D0DB /* CryptoTableViewCell.swift */,
				BA22A5382B01E0E20098D0DB /* CryptoTabBarController.swift */,
				BA22A53A2B01ECEF0098D0DB /* CryptoItem.swift */,
			);
			path = Crypto;
			sourceTree = "<group>";
		};
		BAE986382AFB864C003EF6FA /* Finance */ = {
			isa = PBXGroup;
			children = (
				BAE9863D2AFB8FB3003EF6FA /* FinanceViewController.swift */,
				BA22A53E2B0238710098D0DB /* FinanceTableViewCell.swift */,
				BA22A5402B0238C60098D0DB /* FinanceTabBarController.swift */,
				BA22A5422B02393F0098D0DB /* FinanceItem.swift */,
			);
			path = Finance;
			sourceTree = "<group>";
		};
		BAE986392AFB8651003EF6FA /* Travel */ = {
			isa = PBXGroup;
			children = (
				BAE986432AFB96B8003EF6FA /* TravelViewController.swift */,
				BA22A54A2B035D100098D0DB /* TravelTableViewCell.swift */,
				BA22A54C2B036F890098D0DB /* TravelItem.swift */,
			);
			path = Travel;
			sourceTree = "<group>";
		};
		BAE9863A2AFB8676003EF6FA /* Main */ = {
			isa = PBXGroup;
			children = (
				BACA7C742AFB3CEA006AAA9A /* MainViewController.swift */,
			);
			path = Main;
			sourceTree = "<group>";
		};
/* End PBXGroup section */

/* Begin PBXNativeTarget section */
		BACA7C6C2AFB3CEA006AAA9A /* Neobis_iOS_UIScreens */ = {
			isa = PBXNativeTarget;
			buildConfigurationList = BACA7C812AFB3CEB006AAA9A /* Build configuration list for PBXNativeTarget "Neobis_iOS_UIScreens" */;
			buildPhases = (
				BACA7C692AFB3CEA006AAA9A /* Sources */,
				BACA7C6A2AFB3CEA006AAA9A /* Frameworks */,
				BACA7C6B2AFB3CEA006AAA9A /* Resources */,
			);
			buildRules = (
			);
			dependencies = (
			);
			name = Neobis_iOS_UIScreens;
			productName = Neobis_iOS_UIScreens;
			productReference = BACA7C6D2AFB3CEA006AAA9A /* Neobis_iOS_UIScreens.app */;
			productType = "com.apple.product-type.application";
		};
/* End PBXNativeTarget section */

/* Begin PBXProject section */
		BACA7C652AFB3CEA006AAA9A /* Project object */ = {
			isa = PBXProject;
			attributes = {
				BuildIndependentTargetsInParallel = 1;
				LastSwiftUpdateCheck = 1500;
				LastUpgradeCheck = 1500;
				TargetAttributes = {
					BACA7C6C2AFB3CEA006AAA9A = {
						CreatedOnToolsVersion = 15.0.1;
					};
				};
			};
			buildConfigurationList = BACA7C682AFB3CEA006AAA9A /* Build configuration list for PBXProject "Neobis_iOS_UIScreens" */;
			compatibilityVersion = "Xcode 14.0";
			developmentRegion = en;
			hasScannedForEncodings = 0;
			knownRegions = (
				en,
				Base,
			);
			mainGroup = BACA7C642AFB3CEA006AAA9A;
			productRefGroup = BACA7C6E2AFB3CEA006AAA9A /* Products */;
			projectDirPath = "";
			projectRoot = "";
			targets = (
				BACA7C6C2AFB3CEA006AAA9A /* Neobis_iOS_UIScreens */,
			);
		};
/* End PBXProject section */

/* Begin PBXResourcesBuildPhase section */
		BACA7C6B2AFB3CEA006AAA9A /* Resources */ = {
			isa = PBXResourcesBuildPhase;
			buildActionMask = 2147483647;
			files = (
				BACA7C7D2AFB3CEB006AAA9A /* LaunchScreen.storyboard in Resources */,
				BACA7C7A2AFB3CEB006AAA9A /* Assets.xcassets in Resources */,
			);
			runOnlyForDeploymentPostprocessing = 0;
		};
/* End PBXResourcesBuildPhase section */

/* Begin PBXSourcesBuildPhase section */
		BACA7C692AFB3CEA006AAA9A /* Sources */ = {
			isa = PBXSourcesBuildPhase;
			buildActionMask = 2147483647;
			files = (
				BA22A5412B0238C60098D0DB /* FinanceTabBarController.swift in Sources */,
				BA22A53B2B01ECEF0098D0DB /* CryptoItem.swift in Sources */,
				BACA7C752AFB3CEA006AAA9A /* MainViewController.swift in Sources */,
				BAE986422AFB968F003EF6FA /* WeatherViewController.swift in Sources */,
				BA22A5352AFE319F0098D0DB /* HourlyWeatherCollectionViewCell.swift in Sources */,
				BA22A5432B02393F0098D0DB /* FinanceItem.swift in Sources */,
				BA22A5332AFE31540098D0DB /* WeeklyWeather.swift in Sources */,
				BA22A5372AFE31C60098D0DB /* WeeklyWeatherTableViewCell.swift in Sources */,
				BAE986442AFB96B8003EF6FA /* TravelViewController.swift in Sources */,
				BAAA58832AFD2C7800E7CDD0 /* LibraryTabBarController.swift in Sources */,
				BA22A54D2B036F890098D0DB /* TravelItem.swift in Sources */,
				BA22A53D2B01ED8C0098D0DB /* CryptoTableViewCell.swift in Sources */,
				BA22A52F2AFE311D0098D0DB /* DetailsWeatherViewController.swift in Sources */,
				BA22A5392B01E0E20098D0DB /* CryptoTabBarController.swift in Sources */,
				BA22A53F2B0238710098D0DB /* FinanceTableViewCell.swift in Sources */,
				BAE9863E2AFB8FB3003EF6FA /* FinanceViewController.swift in Sources */,
				BAE9863C2AFB8AB4003EF6FA /* LibraryViewController.swift in Sources */,
				BAE986402AFB8FC8003EF6FA /* CryptoViewController.swift in Sources */,
				BA22A54B2B035D100098D0DB /* TravelTableViewCell.swift in Sources */,
				BAE986482AFBA477003EF6FA /* LibraryItem.swift in Sources */,
				BA22A5312AFE31360098D0DB /* HourlyWeather.swift in Sources */,
				BAE986462AFBA1FA003EF6FA /* LibraryCell.swift in Sources */,
				BACA7C712AFB3CEA006AAA9A /* AppDelegate.swift in Sources */,
			);
			runOnlyForDeploymentPostprocessing = 0;
		};
/* End PBXSourcesBuildPhase section */

/* Begin PBXVariantGroup section */
		BACA7C7B2AFB3CEB006AAA9A /* LaunchScreen.storyboard */ = {
			isa = PBXVariantGroup;
			children = (
				BACA7C7C2AFB3CEB006AAA9A /* Base */,
			);
			name = LaunchScreen.storyboard;
			sourceTree = "<group>";
		};
/* End PBXVariantGroup section */

/* Begin XCBuildConfiguration section */
		BACA7C7F2AFB3CEB006AAA9A /* Debug */ = {
			isa = XCBuildConfiguration;
			buildSettings = {
				ALWAYS_SEARCH_USER_PATHS = NO;
				ASSETCATALOG_COMPILER_GENERATE_SWIFT_ASSET_SYMBOL_EXTENSIONS = YES;
				CLANG_ANALYZER_NONNULL = YES;
				CLANG_ANALYZER_NUMBER_OBJECT_CONVERSION = YES_AGGRESSIVE;
				CLANG_CXX_LANGUAGE_STANDARD = "gnu++20";
				CLANG_ENABLE_MODULES = YES;
				CLANG_ENABLE_OBJC_ARC = YES;
				CLANG_ENABLE_OBJC_WEAK = YES;
				CLANG_WARN_BLOCK_CAPTURE_AUTORELEASING = YES;
				CLANG_WARN_BOOL_CONVERSION = YES;
				CLANG_WARN_COMMA = YES;
				CLANG_WARN_CONSTANT_CONVERSION = YES;
				CLANG_WARN_DEPRECATED_OBJC_IMPLEMENTATIONS = YES;
				CLANG_WARN_DIRECT_OBJC_ISA_USAGE = YES_ERROR;
				CLANG_WARN_DOCUMENTATION_COMMENTS = YES;
				CLANG_WARN_EMPTY_BODY = YES;
				CLANG_WARN_ENUM_CONVERSION = YES;
				CLANG_WARN_INFINITE_RECURSION = YES;
				CLANG_WARN_INT_CONVERSION = YES;
				CLANG_WARN_NON_LITERAL_NULL_CONVERSION = YES;
				CLANG_WARN_OBJC_IMPLICIT_RETAIN_SELF = YES;
				CLANG_WARN_OBJC_LITERAL_CONVERSION = YES;
				CLANG_WARN_OBJC_ROOT_CLASS = YES_ERROR;
				CLANG_WARN_QUOTED_INCLUDE_IN_FRAMEWORK_HEADER = YES;
				CLANG_WARN_RANGE_LOOP_ANALYSIS = YES;
				CLANG_WARN_STRICT_PROTOTYPES = YES;
				CLANG_WARN_SUSPICIOUS_MOVE = YES;
				CLANG_WARN_UNGUARDED_AVAILABILITY = YES_AGGRESSIVE;
				CLANG_WARN_UNREACHABLE_CODE = YES;
				CLANG_WARN__DUPLICATE_METHOD_MATCH = YES;
				COPY_PHASE_STRIP = NO;
				DEBUG_INFORMATION_FORMAT = dwarf;
				ENABLE_STRICT_OBJC_MSGSEND = YES;
				ENABLE_TESTABILITY = YES;
				ENABLE_USER_SCRIPT_SANDBOXING = YES;
				GCC_C_LANGUAGE_STANDARD = gnu17;
				GCC_DYNAMIC_NO_PIC = NO;
				GCC_NO_COMMON_BLOCKS = YES;
				GCC_OPTIMIZATION_LEVEL = 0;
				GCC_PREPROCESSOR_DEFINITIONS = (
					"DEBUG=1",
					"$(inherited)",
				);
				GCC_WARN_64_TO_32_BIT_CONVERSION = YES;
				GCC_WARN_ABOUT_RETURN_TYPE = YES_ERROR;
				GCC_WARN_UNDECLARED_SELECTOR = YES;
				GCC_WARN_UNINITIALIZED_AUTOS = YES_AGGRESSIVE;
				GCC_WARN_UNUSED_FUNCTION = YES;
				GCC_WARN_UNUSED_VARIABLE = YES;
				IPHONEOS_DEPLOYMENT_TARGET = 17.0;
				LOCALIZATION_PREFERS_STRING_CATALOGS = YES;
				MTL_ENABLE_DEBUG_INFO = INCLUDE_SOURCE;
				MTL_FAST_MATH = YES;
				ONLY_ACTIVE_ARCH = YES;
				SDKROOT = iphoneos;
				SWIFT_ACTIVE_COMPILATION_CONDITIONS = "DEBUG $(inherited)";
				SWIFT_OPTIMIZATION_LEVEL = "-Onone";
			};
			name = Debug;
		};
		BACA7C802AFB3CEB006AAA9A /* Release */ = {
			isa = XCBuildConfiguration;
			buildSettings = {
				ALWAYS_SEARCH_USER_PATHS = NO;
				ASSETCATALOG_COMPILER_GENERATE_SWIFT_ASSET_SYMBOL_EXTENSIONS = YES;
				CLANG_ANALYZER_NONNULL = YES;
				CLANG_ANALYZER_NUMBER_OBJECT_CONVERSION = YES_AGGRESSIVE;
				CLANG_CXX_LANGUAGE_STANDARD = "gnu++20";
				CLANG_ENABLE_MODULES = YES;
				CLANG_ENABLE_OBJC_ARC = YES;
				CLANG_ENABLE_OBJC_WEAK = YES;
				CLANG_WARN_BLOCK_CAPTURE_AUTORELEASING = YES;
				CLANG_WARN_BOOL_CONVERSION = YES;
				CLANG_WARN_COMMA = YES;
				CLANG_WARN_CONSTANT_CONVERSION = YES;
				CLANG_WARN_DEPRECATED_OBJC_IMPLEMENTATIONS = YES;
				CLANG_WARN_DIRECT_OBJC_ISA_USAGE = YES_ERROR;
				CLANG_WARN_DOCUMENTATION_COMMENTS = YES;
				CLANG_WARN_EMPTY_BODY = YES;
				CLANG_WARN_ENUM_CONVERSION = YES;
				CLANG_WARN_INFINITE_RECURSION = YES;
				CLANG_WARN_INT_CONVERSION = YES;
				CLANG_WARN_NON_LITERAL_NULL_CONVERSION = YES;
				CLANG_WARN_OBJC_IMPLICIT_RETAIN_SELF = YES;
				CLANG_WARN_OBJC_LITERAL_CONVERSION = YES;
				CLANG_WARN_OBJC_ROOT_CLASS = YES_ERROR;
				CLANG_WARN_QUOTED_INCLUDE_IN_FRAMEWORK_HEADER = YES;
				CLANG_WARN_RANGE_LOOP_ANALYSIS = YES;
				CLANG_WARN_STRICT_PROTOTYPES = YES;
				CLANG_WARN_SUSPICIOUS_MOVE = YES;
				CLANG_WARN_UNGUARDED_AVAILABILITY = YES_AGGRESSIVE;
				CLANG_WARN_UNREACHABLE_CODE = YES;
				CLANG_WARN__DUPLICATE_METHOD_MATCH = YES;
				COPY_PHASE_STRIP = NO;
				DEBUG_INFORMATION_FORMAT = "dwarf-with-dsym";
				ENABLE_NS_ASSERTIONS = NO;
				ENABLE_STRICT_OBJC_MSGSEND = YES;
				ENABLE_USER_SCRIPT_SANDBOXING = YES;
				GCC_C_LANGUAGE_STANDARD = gnu17;
				GCC_NO_COMMON_BLOCKS = YES;
				GCC_WARN_64_TO_32_BIT_CONVERSION = YES;
				GCC_WARN_ABOUT_RETURN_TYPE = YES_ERROR;
				GCC_WARN_UNDECLARED_SELECTOR = YES;
				GCC_WARN_UNINITIALIZED_AUTOS = YES_AGGRESSIVE;
				GCC_WARN_UNUSED_FUNCTION = YES;
				GCC_WARN_UNUSED_VARIABLE = YES;
				IPHONEOS_DEPLOYMENT_TARGET = 17.0;
				LOCALIZATION_PREFERS_STRING_CATALOGS = YES;
				MTL_ENABLE_DEBUG_INFO = NO;
				MTL_FAST_MATH = YES;
				SDKROOT = iphoneos;
				SWIFT_COMPILATION_MODE = wholemodule;
				VALIDATE_PRODUCT = YES;
			};
			name = Release;
		};
		BACA7C822AFB3CEB006AAA9A /* Debug */ = {
			isa = XCBuildConfiguration;
			buildSettings = {
				ASSETCATALOG_COMPILER_APPICON_NAME = AppIcon;
				ASSETCATALOG_COMPILER_GLOBAL_ACCENT_COLOR_NAME = AccentColor;
				CODE_SIGN_STYLE = Automatic;
				CURRENT_PROJECT_VERSION = 1;
				DEVELOPMENT_TEAM = L3L56Q665Z;
				GENERATE_INFOPLIST_FILE = YES;
				INFOPLIST_FILE = Neobis_iOS_UIScreens/Info.plist;
				INFOPLIST_KEY_UIApplicationSupportsIndirectInputEvents = YES;
				INFOPLIST_KEY_UILaunchStoryboardName = LaunchScreen;
				INFOPLIST_KEY_UISupportedInterfaceOrientations = UIInterfaceOrientationPortrait;
				INFOPLIST_KEY_UISupportedInterfaceOrientations_iPad = "UIInterfaceOrientationLandscapeLeft UIInterfaceOrientationLandscapeRight UIInterfaceOrientationPortrait UIInterfaceOrientationPortraitUpsideDown";
				LD_RUNPATH_SEARCH_PATHS = (
					"$(inherited)",
					"@executable_path/Frameworks",
				);
				MARKETING_VERSION = 1.0;
				PRODUCT_BUNDLE_IDENTIFIER = "com.ipaktulane.Neobis-iOS-UIScreens";
				PRODUCT_NAME = "$(TARGET_NAME)";
				SUPPORTED_PLATFORMS = "iphoneos iphonesimulator";
				SUPPORTS_MACCATALYST = NO;
				SUPPORTS_MAC_DESIGNED_FOR_IPHONE_IPAD = NO;
				SWIFT_EMIT_LOC_STRINGS = YES;
				SWIFT_VERSION = 5.0;
				TARGETED_DEVICE_FAMILY = 1;
			};
			name = Debug;
		};
		BACA7C832AFB3CEB006AAA9A /* Release */ = {
			isa = XCBuildConfiguration;
			buildSettings = {
				ASSETCATALOG_COMPILER_APPICON_NAME = AppIcon;
				ASSETCATALOG_COMPILER_GLOBAL_ACCENT_COLOR_NAME = AccentColor;
				CODE_SIGN_STYLE = Automatic;
				CURRENT_PROJECT_VERSION = 1;
				DEVELOPMENT_TEAM = L3L56Q665Z;
				GENERATE_INFOPLIST_FILE = YES;
				INFOPLIST_FILE = Neobis_iOS_UIScreens/Info.plist;
				INFOPLIST_KEY_UIApplicationSupportsIndirectInputEvents = YES;
				INFOPLIST_KEY_UILaunchStoryboardName = LaunchScreen;
				INFOPLIST_KEY_UISupportedInterfaceOrientations = UIInterfaceOrientationPortrait;
				INFOPLIST_KEY_UISupportedInterfaceOrientations_iPad = "UIInterfaceOrientationLandscapeLeft UIInterfaceOrientationLandscapeRight UIInterfaceOrientationPortrait UIInterfaceOrientationPortraitUpsideDown";
				LD_RUNPATH_SEARCH_PATHS = (
					"$(inherited)",
					"@executable_path/Frameworks",
				);
				MARKETING_VERSION = 1.0;
				PRODUCT_BUNDLE_IDENTIFIER = "com.ipaktulane.Neobis-iOS-UIScreens";
				PRODUCT_NAME = "$(TARGET_NAME)";
				SUPPORTED_PLATFORMS = "iphoneos iphonesimulator";
				SUPPORTS_MACCATALYST = NO;
				SUPPORTS_MAC_DESIGNED_FOR_IPHONE_IPAD = NO;
				SWIFT_EMIT_LOC_STRINGS = YES;
				SWIFT_VERSION = 5.0;
				TARGETED_DEVICE_FAMILY = 1;
			};
			name = Release;
		};
/* End XCBuildConfiguration section */

/* Begin XCConfigurationList section */
		BACA7C682AFB3CEA006AAA9A /* Build configuration list for PBXProject "Neobis_iOS_UIScreens" */ = {
			isa = XCConfigurationList;
			buildConfigurations = (
				BACA7C7F2AFB3CEB006AAA9A /* Debug */,
				BACA7C802AFB3CEB006AAA9A /* Release */,
			);
			defaultConfigurationIsVisible = 0;
			defaultConfigurationName = Release;
		};
		BACA7C812AFB3CEB006AAA9A /* Build configuration list for PBXNativeTarget "Neobis_iOS_UIScreens" */ = {
			isa = XCConfigurationList;
			buildConfigurations = (
				BACA7C822AFB3CEB006AAA9A /* Debug */,
				BACA7C832AFB3CEB006AAA9A /* Release */,
			);
			defaultConfigurationIsVisible = 0;
			defaultConfigurationName = Release;
		};
/* End XCConfigurationList section */
	};
	rootObject = BACA7C652AFB3CEA006AAA9A /* Project object */;
}
